{
  "name": "hello-world",
  "version": "1.0.0",
  "lockfileVersion": 1,
  "requires": true,
  "dependencies": {
    "@actions/core": {
      "version": "1.2.4",
      "resolved": "https://www.myget.org/F/security-first-managers/auth/d9a48afc-b904-4f07-ae82-b1c7ddf330b7/npm/@actions/core/-/@actions/core-1.2.4.tgz",
      "integrity": "sha1-lhedv5+NlR3XS0Cg29XCJVXRhqs="
    }
  }
}
